<?xml version="1.0" encoding="utf-8"?>
<Project ToolsVersion="4.0" xmlns="http://schemas.microsoft.com/developer/msbuild/2003">
  <ItemGroup>
    <Filter Include="Source Files">
      <UniqueIdentifier>{4FC737F1-C7A5-4376-A066-2A32D752A2FF}</UniqueIdentifier>
      <Extensions>cpp;c;cc;cxx;def;odl;idl;hpj;bat;asm;asmx</Extensions>
    </Filter>
    <Filter Include="Header Files">
      <UniqueIdentifier>{93995380-89BD-4b04-88EB-625FBE52EBFB}</UniqueIdentifier>
      <Extensions>h;hh;hpp;hxx;hm;inl;inc;xsd</Extensions>
    </Filter>
    <Filter Include="Resource Files">
      <UniqueIdentifier>{67DA6AB6-F800-4c08-8B7A-83BB121AAD01}</UniqueIdentifier>
      <Extensions>rc;ico;cur;bmp;dlg;rc2;rct;bin;rgs;gif;jpg;jpeg;jpe;resx;tiff;tif;png;wav;mfcribbon-ms</Extensions>
    </Filter>
  </ItemGroup>
  <ItemGroup>
    <None Include="HardSenseESP.ino" />
  </ItemGroup>
  <ItemGroup>
    <ClInclude Include="__vm\.HardSenseESP.vsarduino.h">
      <Filter>Header Files</Filter>
    </ClInclude>
    <ClInclude Include="HSFileSystem\HSFileSystem.h">
      <Filter>Header Files</Filter>
    </ClInclude>
    <ClInclude Include="HSSerial\HSSerial.h">
      <Filter>Header Files</Filter>
    </ClInclude>
    <ClInclude Include="HSSerial\SerialInterface.h">
      <Filter>Header Files</Filter>
    </ClInclude>
    <ClInclude Include="DisplayHandler\DisplayHandler.h">
      <Filter>Header Files</Filter>
    </ClInclude>
    <ClInclude Include="QueueItem.h">
      <Filter>Header Files</Filter>
    </ClInclude>
    <ClInclude Include="DisplayHandler\GUI\Widgets\HS_Dial_Widget.h">
      <Filter>Header Files</Filter>
    </ClInclude>
    <ClInclude Include="GlobalDefinitions.h">
      <Filter>Header Files</Filter>
    </ClInclude>
    <ClInclude Include="DisplayHandler\GUI\Widgets\HS_WidgetBase.h">
      <Filter>Header Files</Filter>
    </ClInclude>
    <ClInclude Include="DisplayHandler\GUI\HS_ScreenBase.h">
      <Filter>Header Files</Filter>
    </ClInclude>
    <ClInclude Include="DisplayHandler\GUI\HS_HomeScreen.h">
      <Filter>Header Files</Filter>
    </ClInclude>
    <ClInclude Include="DisplayHandler\GUI\HomeScreen_Functions.h">
      <Filter>Header Files</Filter>
    </ClInclude>
    <ClInclude Include="DisplayHandler\GUI\HS_SplashScreen.h">
      <Filter>Header Files</Filter>
    </ClInclude>
    <ClInclude Include="DisplayHandler\GUI\SplashScreen_Functions.h">
      <Filter>Header Files</Filter>
    </ClInclude>
    <ClInclude Include="DisplayHandler\GUI\HS_ConnectToNetworkScreen.h">
      <Filter>Header Files</Filter>
    </ClInclude>
    <ClInclude Include="DisplayHandler\GUI\ConnectToNetworkScreen_Functions.h">
      <Filter>Header Files</Filter>
    </ClInclude>
    <ClInclude Include="DisplayHandler\GUI\HS_BluetoothConfiguratorScreen.h">
      <Filter>Header Files</Filter>
    </ClInclude>
    <ClInclude Include="DisplayHandler\GUI\BluetoothConfiguratorScreen_Functions.h">
      <Filter>Header Files</Filter>
    </ClInclude>
  </ItemGroup>
  <ItemGroup>
    <ClCompile Include="HSFileSystem\HSFileSystem.cpp">
      <Filter>Source Files</Filter>
    </ClCompile>
    <ClCompile Include="HSSerial\HSSerial.cpp">
      <Filter>Source Files</Filter>
    </ClCompile>
    <ClCompile Include="DisplayHandler\DisplayHandler.cpp">
      <Filter>Source Files</Filter>
    </ClCompile>
    <ClCompile Include="DisplayHandler\GUI\Widgets\HS_Dial_Widget.cpp">
      <Filter>Source Files</Filter>
    </ClCompile>
    <ClCompile Include="DisplayHandler\GUI\Widgets\HS_WidgetBase.cpp">
      <Filter>Source Files</Filter>
    </ClCompile>
    <ClCompile Include="DisplayHandler\GUI\HS_ScreenBase.cpp">
      <Filter>Source Files</Filter>
    </ClCompile>
    <ClCompile Include="DisplayHandler\GUI\HS_HomeScreen.cpp">
      <Filter>Source Files</Filter>
    </ClCompile>
    <ClCompile Include="DisplayHandler\GUI\HS_SplashScreen.cpp">
      <Filter>Source Files</Filter>
    </ClCompile>
    <ClCompile Include="DisplayHandler\GUI\HS_ConnectToNetworkScreen.cpp">
      <Filter>Source Files</Filter>
    </ClCompile>
    <ClCompile Include="DisplayHandler\GUI\HS_BluetoothConfiguratorScreen.cpp">
      <Filter>Source Files</Filter>
    </ClCompile>
  </ItemGroup>
</Project>